
Microsoft Visual Studio Solution File, Format Version 12.00
# Visual Studio Version 16
VisualStudioVersion = 16.0.30516.212
MinimumVisualStudioVersion = 10.0.40219.1
Project("{9A19103F-16F7-4668-BE54-9A1E7A4F7556}") = "Speedometer", "Speedometer\Speedometer.csproj", "{D8FE3E12-DCB1-4C6E-9A46-62F73CC33A65}"
	ProjectSection(ProjectDependencies) = postProject
		{61B30AFF-45E5-4690-A406-1161543F8260} = {61B30AFF-45E5-4690-A406-1161543F8260}
	EndProjectSection
EndProject
Project("{9A19103F-16F7-4668-BE54-9A1E7A4F7556}") = "EliteStatus", "..\EliteStatus\EliteStatus\EliteStatus.csproj", "{61B30AFF-45E5-4690-A406-1161543F8260}"
EndProject
Global
	GlobalSection(SolutionConfigurationPlatforms) = preSolution
		Debug|Any CPU = Debug|Any CPU
		Debug|x64 = Debug|x64
		Release|Any CPU = Release|Any CPU
		Release|x64 = Release|x64
	EndGlobalSection
	GlobalSection(ProjectConfigurationPlatforms) = postSolution
		{D8FE3E12-DCB1-4C6E-9A46-62F73CC33A65}.Debug|Any CPU.ActiveCfg = Debug|Any CPU
		{D8FE3E12-DCB1-4C6E-9A46-62F73CC33A65}.Debug|Any CPU.Build.0 = Debug|Any CPU
		{D8FE3E12-DCB1-4C6E-9A46-62F73CC33A65}.Debug|x64.ActiveCfg = Debug|Any CPU
		{D8FE3E12-DCB1-4C6E-9A46-62F73CC33A65}.Debug|x64.Build.0 = Debug|Any CPU
		{D8FE3E12-DCB1-4C6E-9A46-62F73CC33A65}.Release|Any CPU.ActiveCfg = Release|Any CPU
		{D8FE3E12-DCB1-4C6E-9A46-62F73CC33A65}.Release|Any CPU.Build.0 = Release|Any CPU
		{D8FE3E12-DCB1-4C6E-9A46-62F73CC33A65}.Release|x64.ActiveCfg = Release|Any CPU
		{D8FE3E12-DCB1-4C6E-9A46-62F73CC33A65}.Release|x64.Build.0 = Release|Any CPU
		{61B30AFF-45E5-4690-A406-1161543F8260}.Debug|Any CPU.ActiveCfg = Debug|Any CPU
		{61B30AFF-45E5-4690-A406-1161543F8260}.Debug|Any CPU.Build.0 = Debug|Any CPU
		{61B30AFF-45E5-4690-A406-1161543F8260}.Debug|x64.ActiveCfg = Debug|Any CPU
		{61B30AFF-45E5-4690-A406-1161543F8260}.Debug|x64.Build.0 = Debug|Any CPU
		{61B30AFF-45E5-4690-A406-1161543F8260}.Release|Any CPU.ActiveCfg = Release|Any CPU
		{61B30AFF-45E5-4690-A406-1161543F8260}.Release|Any CPU.Build.0 = Release|Any CPU
		{61B30AFF-45E5-4690-A406-1161543F8260}.Release|x64.ActiveCfg = Release|Any CPU
		{61B30AFF-45E5-4690-A406-1161543F8260}.Release|x64.Build.0 = Release|Any CPU
	EndGlobalSection
	GlobalSection(SolutionProperties) = preSolution
		HideSolutionNode = FALSE
	EndGlobalSection
	GlobalSection(ExtensibilityGlobals) = postSolution
		SolutionGuid = {BCBF7C2D-6288-4702-B95F-EE845298C036}
	EndGlobalSection
EndGlobal
